// !$*UTF8*$!
{
	archiveVersion = 1;
	classes = {
	};
	objectVersion = 51;
	objects = {

/* Begin PBXBuildFile section */
		2612E5102391C18700288C9B /* MinionDropZoneDelegate.swift in Sources */ = {isa = PBXBuildFile; fileRef = 2612E50F2391C18700288C9B /* MinionDropZoneDelegate.swift */; };
		2612E5122391C62B00288C9B /* DropZoneDelegate.swift in Sources */ = {isa = PBXBuildFile; fileRef = 2612E5112391C62B00288C9B /* DropZoneDelegate.swift */; };
		2642FB9423A423E4007C7D70 /* Character.swift in Sources */ = {isa = PBXBuildFile; fileRef = 2642FB9323A423E4007C7D70 /* Character.swift */; };
		2642FB9623A44055007C7D70 /* Hero.swift in Sources */ = {isa = PBXBuildFile; fileRef = 2642FB9523A44055007C7D70 /* Hero.swift */; };
		2642FB9823A44455007C7D70 /* Minion.swift in Sources */ = {isa = PBXBuildFile; fileRef = 2642FB9723A44455007C7D70 /* Minion.swift */; };
		265C414523AAC742005E7E59 /* Effect.swift in Sources */ = {isa = PBXBuildFile; fileRef = 265C414423AAC742005E7E59 /* Effect.swift */; };
		266095F22374CA3B00740F52 /* AppDelegate.swift in Sources */ = {isa = PBXBuildFile; fileRef = 266095F12374CA3B00740F52 /* AppDelegate.swift */; };
		266095F42374CA3B00740F52 /* ContentView.swift in Sources */ = {isa = PBXBuildFile; fileRef = 266095F32374CA3B00740F52 /* ContentView.swift */; };
		266095F62374CA4100740F52 /* Assets.xcassets in Resources */ = {isa = PBXBuildFile; fileRef = 266095F52374CA4100740F52 /* Assets.xcassets */; };
		266095F92374CA4100740F52 /* Preview Assets.xcassets in Resources */ = {isa = PBXBuildFile; fileRef = 266095F82374CA4100740F52 /* Preview Assets.xcassets */; };
		266095FC2374CA4100740F52 /* Main.storyboard in Resources */ = {isa = PBXBuildFile; fileRef = 266095FA2374CA4100740F52 /* Main.storyboard */; };
		2660960A2374D60600740F52 /* Card.swift in Sources */ = {isa = PBXBuildFile; fileRef = 266096092374D60600740F52 /* Card.swift */; };
		2660960C2374D60C00740F52 /* Data.swift in Sources */ = {isa = PBXBuildFile; fileRef = 2660960B2374D60C00740F52 /* Data.swift */; };
		2660960F2374D62400740F52 /* minions.json in Resources */ = {isa = PBXBuildFile; fileRef = 2660960E2374D62400740F52 /* minions.json */; };
		267B0D3C23872A6C009D9DF2 /* DraggableViewModifier.swift in Sources */ = {isa = PBXBuildFile; fileRef = 267B0D3B23872A6C009D9DF2 /* DraggableViewModifier.swift */; };
		267FB5AB23888100009BE2E5 /* Game.swift in Sources */ = {isa = PBXBuildFile; fileRef = 267FB5AA23888100009BE2E5 /* Game.swift */; };
		268E79282387344600A10CBF /* DropZoneViewModifier.swift in Sources */ = {isa = PBXBuildFile; fileRef = 268E79272387344600A10CBF /* DropZoneViewModifier.swift */; };
		26E3B708238499E3005D4EE6 /* DragAndDrop.swift in Sources */ = {isa = PBXBuildFile; fileRef = 26E3B707238499E3005D4EE6 /* DragAndDrop.swift */; };
		4B79CDBE23ECAF630092BC33 /* UIActionStateMachineDelegate.swift in Sources */ = {isa = PBXBuildFile; fileRef = 4B79CDBD23ECAF630092BC33 /* UIActionStateMachineDelegate.swift */; };
		4B7B1F0F24130BBC00CD795D /* Board.swift in Sources */ = {isa = PBXBuildFile; fileRef = 4B7B1F0E24130BBC00CD795D /* Board.swift */; };
		4B7B1F1C241983F100CD795D /* CardParameterView.swift in Sources */ = {isa = PBXBuildFile; fileRef = 4B7B1F11241983F100CD795D /* CardParameterView.swift */; };
		4B7B1F1D241983F100CD795D /* BoardView.swift in Sources */ = {isa = PBXBuildFile; fileRef = 4B7B1F12241983F100CD795D /* BoardView.swift */; };
		4B7B1F1E241983F100CD795D /* CardView.swift in Sources */ = {isa = PBXBuildFile; fileRef = 4B7B1F13241983F100CD795D /* CardView.swift */; };
		4B7B1F1F241983F100CD795D /* CardInHandView.swift in Sources */ = {isa = PBXBuildFile; fileRef = 4B7B1F14241983F100CD795D /* CardInHandView.swift */; };
		4B7B1F20241983F100CD795D /* MinionPlacementView.swift in Sources */ = {isa = PBXBuildFile; fileRef = 4B7B1F15241983F100CD795D /* MinionPlacementView.swift */; };
		4B7B1F21241983F100CD795D /* MinionInPlayView.swift in Sources */ = {isa = PBXBuildFile; fileRef = 4B7B1F16241983F100CD795D /* MinionInPlayView.swift */; };
		4B7B1F22241983F100CD795D /* ConfirmButtonView.swift in Sources */ = {isa = PBXBuildFile; fileRef = 4B7B1F17241983F100CD795D /* ConfirmButtonView.swift */; };
		4B7B1F23241983F100CD795D /* CancelButtonView.swift in Sources */ = {isa = PBXBuildFile; fileRef = 4B7B1F18241983F100CD795D /* CancelButtonView.swift */; };
		4B7B1F24241983F100CD795D /* SimpleBoardView.swift in Sources */ = {isa = PBXBuildFile; fileRef = 4B7B1F19241983F100CD795D /* SimpleBoardView.swift */; };
		4B7B1F25241983F100CD795D /* ContentView.swift in Sources */ = {isa = PBXBuildFile; fileRef = 4B7B1F1A241983F100CD795D /* ContentView.swift */; };
		4B7B1F26241983F100CD795D /* MinionPortraitView.swift in Sources */ = {isa = PBXBuildFile; fileRef = 4B7B1F1B241983F100CD795D /* MinionPortraitView.swift */; };
		4B8C0CD923E11AF5000D8B40 /* UIActionStateMachine.swift in Sources */ = {isa = PBXBuildFile; fileRef = 4B8C0CD823E11AF5000D8B40 /* UIActionStateMachine.swift */; };
		4BAD3C1A23DF835F003EE5AD /* Player.swift in Sources */ = {isa = PBXBuildFile; fileRef = 4BAD3C1923DF835F003EE5AD /* Player.swift */; };
		4BE0712623DF99DF000C2933 /* sample_games.json in Resources */ = {isa = PBXBuildFile; fileRef = 4BE0712523DF99DF000C2933 /* sample_games.json */; };
		4BE0712923DFBA2C000C2933 /* MinionMash.swift in Sources */ = {isa = PBXBuildFile; fileRef = 4BE0712823DFBA2C000C2933 /* MinionMash.swift */; };
		D533E2C109246E9743AF4B3E /* Pods_CobblestoneMac.framework in Frameworks */ = {isa = PBXBuildFile; fileRef = 23F70D48B781D7F5A1B828B3 /* Pods_CobblestoneMac.framework */; };
/* End PBXBuildFile section */

/* Begin PBXFileReference section */
		0D8E08CDEAE7189340994504 /* Pods-CobblestoneMac.release.xcconfig */ = {isa = PBXFileReference; includeInIndex = 1; lastKnownFileType = text.xcconfig; name = "Pods-CobblestoneMac.release.xcconfig"; path = "Target Support Files/Pods-CobblestoneMac/Pods-CobblestoneMac.release.xcconfig"; sourceTree = "<group>"; };
		23F70D48B781D7F5A1B828B3 /* Pods_CobblestoneMac.framework */ = {isa = PBXFileReference; explicitFileType = wrapper.framework; includeInIndex = 0; path = Pods_CobblestoneMac.framework; sourceTree = BUILT_PRODUCTS_DIR; };
		2612E50F2391C18700288C9B /* MinionDropZoneDelegate.swift */ = {isa = PBXFileReference; lastKnownFileType = sourcecode.swift; path = MinionDropZoneDelegate.swift; sourceTree = "<group>"; };
		2612E5112391C62B00288C9B /* DropZoneDelegate.swift */ = {isa = PBXFileReference; lastKnownFileType = sourcecode.swift; path = DropZoneDelegate.swift; sourceTree = "<group>"; };
		2642FB9323A423E4007C7D70 /* Character.swift */ = {isa = PBXFileReference; lastKnownFileType = sourcecode.swift; path = Character.swift; sourceTree = "<group>"; };
		2642FB9523A44055007C7D70 /* Hero.swift */ = {isa = PBXFileReference; lastKnownFileType = sourcecode.swift; path = Hero.swift; sourceTree = "<group>"; };
		2642FB9723A44455007C7D70 /* Minion.swift */ = {isa = PBXFileReference; lastKnownFileType = sourcecode.swift; path = Minion.swift; sourceTree = "<group>"; };
		265C414423AAC742005E7E59 /* Effect.swift */ = {isa = PBXFileReference; lastKnownFileType = sourcecode.swift; path = Effect.swift; sourceTree = "<group>"; };
		266095EE2374CA3B00740F52 /* CobblestoneMac.app */ = {isa = PBXFileReference; explicitFileType = wrapper.application; includeInIndex = 0; path = CobblestoneMac.app; sourceTree = BUILT_PRODUCTS_DIR; };
		266095F12374CA3B00740F52 /* AppDelegate.swift */ = {isa = PBXFileReference; lastKnownFileType = sourcecode.swift; path = AppDelegate.swift; sourceTree = "<group>"; };
		266095F32374CA3B00740F52 /* ContentView.swift */ = {isa = PBXFileReference; lastKnownFileType = sourcecode.swift; name = ContentView.swift; path = Views/ContentView.swift; sourceTree = "<group>"; };
		266095F52374CA4100740F52 /* Assets.xcassets */ = {isa = PBXFileReference; lastKnownFileType = folder.assetcatalog; path = Assets.xcassets; sourceTree = "<group>"; };
		266095F82374CA4100740F52 /* Preview Assets.xcassets */ = {isa = PBXFileReference; lastKnownFileType = folder.assetcatalog; path = "Preview Assets.xcassets"; sourceTree = "<group>"; };
		266095FB2374CA4100740F52 /* Base */ = {isa = PBXFileReference; lastKnownFileType = file.storyboard; name = Base; path = Base.lproj/Main.storyboard; sourceTree = "<group>"; };
		266095FD2374CA4100740F52 /* Info.plist */ = {isa = PBXFileReference; lastKnownFileType = text.plist.xml; path = Info.plist; sourceTree = "<group>"; };
		266095FE2374CA4100740F52 /* CobblestoneMac.entitlements */ = {isa = PBXFileReference; lastKnownFileType = text.plist.entitlements; path = CobblestoneMac.entitlements; sourceTree = "<group>"; };
		266096092374D60600740F52 /* Card.swift */ = {isa = PBXFileReference; lastKnownFileType = sourcecode.swift; path = Card.swift; sourceTree = "<group>"; };
		2660960B2374D60C00740F52 /* Data.swift */ = {isa = PBXFileReference; lastKnownFileType = sourcecode.swift; path = Data.swift; sourceTree = "<group>"; };
		2660960E2374D62400740F52 /* minions.json */ = {isa = PBXFileReference; fileEncoding = 4; lastKnownFileType = text.json; path = minions.json; sourceTree = "<group>"; };
		267B0D3B23872A6C009D9DF2 /* DraggableViewModifier.swift */ = {isa = PBXFileReference; lastKnownFileType = sourcecode.swift; path = DraggableViewModifier.swift; sourceTree = "<group>"; };
		267FB5AA23888100009BE2E5 /* Game.swift */ = {isa = PBXFileReference; lastKnownFileType = sourcecode.swift; path = Game.swift; sourceTree = "<group>"; };
		2688020A23CD3CDB0004F583 /* README.md */ = {isa = PBXFileReference; lastKnownFileType = net.daringfireball.markdown; path = README.md; sourceTree = "<group>"; };
		268E79272387344600A10CBF /* DropZoneViewModifier.swift */ = {isa = PBXFileReference; lastKnownFileType = sourcecode.swift; path = DropZoneViewModifier.swift; sourceTree = "<group>"; };
		26E3B707238499E3005D4EE6 /* DragAndDrop.swift */ = {isa = PBXFileReference; lastKnownFileType = sourcecode.swift; path = DragAndDrop.swift; sourceTree = "<group>"; };
		47C0BCAA45CAB60A9CC46CAF /* Pods-CobblestoneMac.debug.xcconfig */ = {isa = PBXFileReference; includeInIndex = 1; lastKnownFileType = text.xcconfig; name = "Pods-CobblestoneMac.debug.xcconfig"; path = "Target Support Files/Pods-CobblestoneMac/Pods-CobblestoneMac.debug.xcconfig"; sourceTree = "<group>"; };
		4B79CDBD23ECAF630092BC33 /* UIActionStateMachineDelegate.swift */ = {isa = PBXFileReference; lastKnownFileType = sourcecode.swift; path = UIActionStateMachineDelegate.swift; sourceTree = "<group>"; };
		4B7B1F0E24130BBC00CD795D /* Board.swift */ = {isa = PBXFileReference; lastKnownFileType = sourcecode.swift; path = Board.swift; sourceTree = "<group>"; };
		4B7B1F11241983F100CD795D /* CardParameterView.swift */ = {isa = PBXFileReference; fileEncoding = 4; lastKnownFileType = sourcecode.swift; path = CardParameterView.swift; sourceTree = "<group>"; };
		4B7B1F12241983F100CD795D /* BoardView.swift */ = {isa = PBXFileReference; fileEncoding = 4; lastKnownFileType = sourcecode.swift; path = BoardView.swift; sourceTree = "<group>"; };
		4B7B1F13241983F100CD795D /* CardView.swift */ = {isa = PBXFileReference; fileEncoding = 4; lastKnownFileType = sourcecode.swift; path = CardView.swift; sourceTree = "<group>"; };
		4B7B1F14241983F100CD795D /* CardInHandView.swift */ = {isa = PBXFileReference; fileEncoding = 4; lastKnownFileType = sourcecode.swift; path = CardInHandView.swift; sourceTree = "<group>"; };
		4B7B1F15241983F100CD795D /* MinionPlacementView.swift */ = {isa = PBXFileReference; fileEncoding = 4; lastKnownFileType = sourcecode.swift; path = MinionPlacementView.swift; sourceTree = "<group>"; };
		4B7B1F16241983F100CD795D /* MinionInPlayView.swift */ = {isa = PBXFileReference; fileEncoding = 4; lastKnownFileType = sourcecode.swift; path = MinionInPlayView.swift; sourceTree = "<group>"; };
		4B7B1F17241983F100CD795D /* ConfirmButtonView.swift */ = {isa = PBXFileReference; fileEncoding = 4; lastKnownFileType = sourcecode.swift; path = ConfirmButtonView.swift; sourceTree = "<group>"; };
		4B7B1F18241983F100CD795D /* CancelButtonView.swift */ = {isa = PBXFileReference; fileEncoding = 4; lastKnownFileType = sourcecode.swift; path = CancelButtonView.swift; sourceTree = "<group>"; };
		4B7B1F19241983F100CD795D /* SimpleBoardView.swift */ = {isa = PBXFileReference; fileEncoding = 4; lastKnownFileType = sourcecode.swift; path = SimpleBoardView.swift; sourceTree = "<group>"; };
		4B7B1F1A241983F100CD795D /* ContentView.swift */ = {isa = PBXFileReference; fileEncoding = 4; lastKnownFileType = sourcecode.swift; path = ContentView.swift; sourceTree = "<group>"; };
		4B7B1F1B241983F100CD795D /* MinionPortraitView.swift */ = {isa = PBXFileReference; fileEncoding = 4; lastKnownFileType = sourcecode.swift; path = MinionPortraitView.swift; sourceTree = "<group>"; };
		4B8C0CD823E11AF5000D8B40 /* UIActionStateMachine.swift */ = {isa = PBXFileReference; lastKnownFileType = sourcecode.swift; path = UIActionStateMachine.swift; sourceTree = "<group>"; };
		4BAD3C1923DF835F003EE5AD /* Player.swift */ = {isa = PBXFileReference; lastKnownFileType = sourcecode.swift; path = Player.swift; sourceTree = "<group>"; };
		4BE0712523DF99DF000C2933 /* sample_games.json */ = {isa = PBXFileReference; lastKnownFileType = text.json; path = sample_games.json; sourceTree = "<group>"; };
		4BE0712823DFBA2C000C2933 /* MinionMash.swift */ = {isa = PBXFileReference; lastKnownFileType = sourcecode.swift; path = MinionMash.swift; sourceTree = "<group>"; };
/* End PBXFileReference section */

/* Begin PBXFrameworksBuildPhase section */
		266095EB2374CA3B00740F52 /* Frameworks */ = {
			isa = PBXFrameworksBuildPhase;
			buildActionMask = 2147483647;
			files = (
				D533E2C109246E9743AF4B3E /* Pods_CobblestoneMac.framework in Frameworks */,
			);
			runOnlyForDeploymentPostprocessing = 0;
		};
/* End PBXFrameworksBuildPhase section */

/* Begin PBXGroup section */
		266095E52374CA3B00740F52 = {
			isa = PBXGroup;
			children = (
				266095F02374CA3B00740F52 /* CobblestoneMac */,
				266095EF2374CA3B00740F52 /* Products */,
				63CCAEF26865573DEA8290F9 /* Pods */,
				996D87F013CAEA6600E0A34D /* Frameworks */,
			);
			sourceTree = "<group>";
		};
		266095EF2374CA3B00740F52 /* Products */ = {
			isa = PBXGroup;
			children = (
				266095EE2374CA3B00740F52 /* CobblestoneMac.app */,
			);
			name = Products;
			sourceTree = "<group>";
		};
		266095F02374CA3B00740F52 /* CobblestoneMac */ = {
			isa = PBXGroup;
			children = (
				266095F12374CA3B00740F52 /* AppDelegate.swift */,
				266095F32374CA3B00740F52 /* ContentView.swift */,
				4B7B1F10241983F100CD795D /* Views */,
				266096082374D5F600740F52 /* Models */,
				4BA9CB3A23E10C5A000DC05A /* StateMachine */,
				4BE0712723DFBA14000C2933 /* Test */,
				267B0D3B23872A6C009D9DF2 /* DraggableViewModifier.swift */,
				268E79272387344600A10CBF /* DropZoneViewModifier.swift */,
				2612E5112391C62B00288C9B /* DropZoneDelegate.swift */,
				2612E50F2391C18700288C9B /* MinionDropZoneDelegate.swift */,
				266095F52374CA4100740F52 /* Assets.xcassets */,
				2660960D2374D61000740F52 /* Resources */,
				266095FA2374CA4100740F52 /* Main.storyboard */,
				266095FD2374CA4100740F52 /* Info.plist */,
				266095FE2374CA4100740F52 /* CobblestoneMac.entitlements */,
				2688020A23CD3CDB0004F583 /* README.md */,
				266095F72374CA4100740F52 /* Preview Content */,
			);
			path = CobblestoneMac;
			sourceTree = "<group>";
		};
		266095F72374CA4100740F52 /* Preview Content */ = {
			isa = PBXGroup;
			children = (
				266095F82374CA4100740F52 /* Preview Assets.xcassets */,
			);
			path = "Preview Content";
			sourceTree = "<group>";
		};
		266096082374D5F600740F52 /* Models */ = {
			isa = PBXGroup;
			children = (
				2660960B2374D60C00740F52 /* Data.swift */,
				26E3B707238499E3005D4EE6 /* DragAndDrop.swift */,
				267FB5AA23888100009BE2E5 /* Game.swift */,
				4B7B1F0E24130BBC00CD795D /* Board.swift */,
				4BAD3C1923DF835F003EE5AD /* Player.swift */,
				265C414423AAC742005E7E59 /* Effect.swift */,
				2642FB9323A423E4007C7D70 /* Character.swift */,
				2642FB9523A44055007C7D70 /* Hero.swift */,
				2642FB9723A44455007C7D70 /* Minion.swift */,
				266096092374D60600740F52 /* Card.swift */,
			);
			path = Models;
			sourceTree = "<group>";
		};
		2660960D2374D61000740F52 /* Resources */ = {
			isa = PBXGroup;
			children = (
				2660960E2374D62400740F52 /* minions.json */,
				4BE0712523DF99DF000C2933 /* sample_games.json */,
			);
			path = Resources;
			sourceTree = "<group>";
		};
		4B7B1F10241983F100CD795D /* Views */ = {
			isa = PBXGroup;
			children = (
				4B7B1F11241983F100CD795D /* CardParameterView.swift */,
				4B7B1F12241983F100CD795D /* BoardView.swift */,
				4B7B1F13241983F100CD795D /* CardView.swift */,
				4B7B1F14241983F100CD795D /* CardInHandView.swift */,
				4B7B1F15241983F100CD795D /* MinionPlacementView.swift */,
				4B7B1F16241983F100CD795D /* MinionInPlayView.swift */,
				4B7B1F17241983F100CD795D /* ConfirmButtonView.swift */,
				4B7B1F18241983F100CD795D /* CancelButtonView.swift */,
				4B7B1F19241983F100CD795D /* SimpleBoardView.swift */,
				4B7B1F1A241983F100CD795D /* ContentView.swift */,
				4B7B1F1B241983F100CD795D /* MinionPortraitView.swift */,
			);
			path = Views;
			sourceTree = "<group>";
		};
		4BA9CB3A23E10C5A000DC05A /* StateMachine */ = {
			isa = PBXGroup;
			children = (
				4B8C0CD823E11AF5000D8B40 /* UIActionStateMachine.swift */,
				4B79CDBD23ECAF630092BC33 /* UIActionStateMachineDelegate.swift */,
			);
			path = StateMachine;
			sourceTree = "<group>";
		};
		4BE0712723DFBA14000C2933 /* Test */ = {
			isa = PBXGroup;
			children = (
				4BE0712823DFBA2C000C2933 /* MinionMash.swift */,
			);
			path = Test;
			sourceTree = "<group>";
		};
		63CCAEF26865573DEA8290F9 /* Pods */ = {
			isa = PBXGroup;
			children = (
				47C0BCAA45CAB60A9CC46CAF /* Pods-CobblestoneMac.debug.xcconfig */,
				0D8E08CDEAE7189340994504 /* Pods-CobblestoneMac.release.xcconfig */,
			);
			path = Pods;
			sourceTree = "<group>";
		};
		996D87F013CAEA6600E0A34D /* Frameworks */ = {
			isa = PBXGroup;
			children = (
				23F70D48B781D7F5A1B828B3 /* Pods_CobblestoneMac.framework */,
			);
			name = Frameworks;
			sourceTree = "<group>";
		};
/* End PBXGroup section */

/* Begin PBXNativeTarget section */
		266095ED2374CA3B00740F52 /* CobblestoneMac */ = {
			isa = PBXNativeTarget;
			buildConfigurationList = 266096012374CA4100740F52 /* Build configuration list for PBXNativeTarget "CobblestoneMac" */;
			buildPhases = (
				6115435848691294B2462FA6 /* [CP] Check Pods Manifest.lock */,
				266095EA2374CA3B00740F52 /* Sources */,
				266095EB2374CA3B00740F52 /* Frameworks */,
				266095EC2374CA3B00740F52 /* Resources */,
				BDCBD83F1B095ABD17C6457E /* [CP] Embed Pods Frameworks */,
			);
			buildRules = (
			);
			dependencies = (
			);
			name = CobblestoneMac;
			packageProductDependencies = (
			);
			productName = CobblestoneMac;
			productReference = 266095EE2374CA3B00740F52 /* CobblestoneMac.app */;
			productType = "com.apple.product-type.application";
		};
/* End PBXNativeTarget section */

/* Begin PBXProject section */
		266095E62374CA3B00740F52 /* Project object */ = {
			isa = PBXProject;
			attributes = {
				LastSwiftUpdateCheck = 1120;
				LastUpgradeCheck = 1120;
				ORGANIZATIONNAME = "Lila Pustovoyt";
				TargetAttributes = {
					266095ED2374CA3B00740F52 = {
						CreatedOnToolsVersion = 11.2;
					};
				};
			};
			buildConfigurationList = 266095E92374CA3B00740F52 /* Build configuration list for PBXProject "CobblestoneMac" */;
			compatibilityVersion = "Xcode 9.3";
			developmentRegion = en;
			hasScannedForEncodings = 0;
			knownRegions = (
				en,
				Base,
			);
			mainGroup = 266095E52374CA3B00740F52;
			packageReferences = (
			);
			productRefGroup = 266095EF2374CA3B00740F52 /* Products */;
			projectDirPath = "";
			projectRoot = "";
			targets = (
				266095ED2374CA3B00740F52 /* CobblestoneMac */,
			);
		};
/* End PBXProject section */

/* Begin PBXResourcesBuildPhase section */
		266095EC2374CA3B00740F52 /* Resources */ = {
			isa = PBXResourcesBuildPhase;
			buildActionMask = 2147483647;
			files = (
				266095FC2374CA4100740F52 /* Main.storyboard in Resources */,
				2660960F2374D62400740F52 /* minions.json in Resources */,
				266095F92374CA4100740F52 /* Preview Assets.xcassets in Resources */,
				266095F62374CA4100740F52 /* Assets.xcassets in Resources */,
				4BE0712623DF99DF000C2933 /* sample_games.json in Resources */,
			);
			runOnlyForDeploymentPostprocessing = 0;
		};
/* End PBXResourcesBuildPhase section */

/* Begin PBXShellScriptBuildPhase section */
		6115435848691294B2462FA6 /* [CP] Check Pods Manifest.lock */ = {
			isa = PBXShellScriptBuildPhase;
			buildActionMask = 2147483647;
			files = (
			);
			inputFileListPaths = (
			);
			inputPaths = (
				"${PODS_PODFILE_DIR_PATH}/Podfile.lock",
				"${PODS_ROOT}/Manifest.lock",
			);
			name = "[CP] Check Pods Manifest.lock";
			outputFileListPaths = (
			);
			outputPaths = (
				"$(DERIVED_FILE_DIR)/Pods-CobblestoneMac-checkManifestLockResult.txt",
			);
			runOnlyForDeploymentPostprocessing = 0;
			shellPath = /bin/sh;
			shellScript = "diff \"${PODS_PODFILE_DIR_PATH}/Podfile.lock\" \"${PODS_ROOT}/Manifest.lock\" > /dev/null\nif [ $? != 0 ] ; then\n    # print error to STDERR\n    echo \"error: The sandbox is not in sync with the Podfile.lock. Run 'pod install' or update your CocoaPods installation.\" >&2\n    exit 1\nfi\n# This output is used by Xcode 'outputs' to avoid re-running this script phase.\necho \"SUCCESS\" > \"${SCRIPT_OUTPUT_FILE_0}\"\n";
			showEnvVarsInLog = 0;
		};
		BDCBD83F1B095ABD17C6457E /* [CP] Embed Pods Frameworks */ = {
			isa = PBXShellScriptBuildPhase;
			buildActionMask = 2147483647;
			files = (
			);
			inputFileListPaths = (
				"${PODS_ROOT}/Target Support Files/Pods-CobblestoneMac/Pods-CobblestoneMac-frameworks-${CONFIGURATION}-input-files.xcfilelist",
			);
			name = "[CP] Embed Pods Frameworks";
			outputFileListPaths = (
				"${PODS_ROOT}/Target Support Files/Pods-CobblestoneMac/Pods-CobblestoneMac-frameworks-${CONFIGURATION}-output-files.xcfilelist",
			);
			runOnlyForDeploymentPostprocessing = 0;
			shellPath = /bin/sh;
			shellScript = "\"${PODS_ROOT}/Target Support Files/Pods-CobblestoneMac/Pods-CobblestoneMac-frameworks.sh\"\n";
			showEnvVarsInLog = 0;
		};
/* End PBXShellScriptBuildPhase section */

/* Begin PBXSourcesBuildPhase section */
		266095EA2374CA3B00740F52 /* Sources */ = {
			isa = PBXSourcesBuildPhase;
			buildActionMask = 2147483647;
			files = (
				4B7B1F1D241983F100CD795D /* BoardView.swift in Sources */,
				4B7B1F24241983F100CD795D /* SimpleBoardView.swift in Sources */,
				4BE0712923DFBA2C000C2933 /* MinionMash.swift in Sources */,
				4B7B1F20241983F100CD795D /* MinionPlacementView.swift in Sources */,
				4B7B1F0F24130BBC00CD795D /* Board.swift in Sources */,
				265C414523AAC742005E7E59 /* Effect.swift in Sources */,
				2642FB9823A44455007C7D70 /* Minion.swift in Sources */,
				4BAD3C1A23DF835F003EE5AD /* Player.swift in Sources */,
				2660960C2374D60C00740F52 /* Data.swift in Sources */,
				4B7B1F26241983F100CD795D /* MinionPortraitView.swift in Sources */,
				267B0D3C23872A6C009D9DF2 /* DraggableViewModifier.swift in Sources */,
				26E3B708238499E3005D4EE6 /* DragAndDrop.swift in Sources */,
				4B7B1F1C241983F100CD795D /* CardParameterView.swift in Sources */,
				2612E5102391C18700288C9B /* MinionDropZoneDelegate.swift in Sources */,
				4B7B1F23241983F100CD795D /* CancelButtonView.swift in Sources */,
				266095F42374CA3B00740F52 /* ContentView.swift in Sources */,
				2660960A2374D60600740F52 /* Card.swift in Sources */,
				4B8C0CD923E11AF5000D8B40 /* UIActionStateMachine.swift in Sources */,
				267FB5AB23888100009BE2E5 /* Game.swift in Sources */,
				2642FB9623A44055007C7D70 /* Hero.swift in Sources */,
				2612E5122391C62B00288C9B /* DropZoneDelegate.swift in Sources */,
				4B79CDBE23ECAF630092BC33 /* UIActionStateMachineDelegate.swift in Sources */,
				4B7B1F1F241983F100CD795D /* CardInHandView.swift in Sources */,
				4B7B1F21241983F100CD795D /* MinionInPlayView.swift in Sources */,
				266095F22374CA3B00740F52 /* AppDelegate.swift in Sources */,
				2642FB9423A423E4007C7D70 /* Character.swift in Sources */,
				4B7B1F22241983F100CD795D /* ConfirmButtonView.swift in Sources */,
				4B7B1F25241983F100CD795D /* ContentView.swift in Sources */,
				4B7B1F1E241983F100CD795D /* CardView.swift in Sources */,
				268E79282387344600A10CBF /* DropZoneViewModifier.swift in Sources */,
			);
			runOnlyForDeploymentPostprocessing = 0;
		};
/* End PBXSourcesBuildPhase section */

/* Begin PBXVariantGroup section */
		266095FA2374CA4100740F52 /* Main.storyboard */ = {
			isa = PBXVariantGroup;
			children = (
				266095FB2374CA4100740F52 /* Base */,
			);
			name = Main.storyboard;
			sourceTree = "<group>";
		};
/* End PBXVariantGroup section */

/* Begin XCBuildConfiguration section */
		266095FF2374CA4100740F52 /* Debug */ = {
			isa = XCBuildConfiguration;
			buildSettings = {
				ALWAYS_SEARCH_USER_PATHS = NO;
				CLANG_ANALYZER_NONNULL = YES;
				CLANG_ANALYZER_NUMBER_OBJECT_CONVERSION = YES_AGGRESSIVE;
				CLANG_CXX_LANGUAGE_STANDARD = "gnu++14";
				CLANG_CXX_LIBRARY = "libc++";
				CLANG_ENABLE_MODULES = YES;
				CLANG_ENABLE_OBJC_ARC = YES;
				CLANG_ENABLE_OBJC_WEAK = YES;
				CLANG_WARN_BLOCK_CAPTURE_AUTORELEASING = YES;
				CLANG_WARN_BOOL_CONVERSION = YES;
				CLANG_WARN_COMMA = YES;
				CLANG_WARN_CONSTANT_CONVERSION = YES;
				CLANG_WARN_DEPRECATED_OBJC_IMPLEMENTATIONS = YES;
				CLANG_WARN_DIRECT_OBJC_ISA_USAGE = YES_ERROR;
				CLANG_WARN_DOCUMENTATION_COMMENTS = YES;
				CLANG_WARN_EMPTY_BODY = YES;
				CLANG_WARN_ENUM_CONVERSION = YES;
				CLANG_WARN_INFINITE_RECURSION = YES;
				CLANG_WARN_INT_CONVERSION = YES;
				CLANG_WARN_NON_LITERAL_NULL_CONVERSION = YES;
				CLANG_WARN_OBJC_IMPLICIT_RETAIN_SELF = YES;
				CLANG_WARN_OBJC_LITERAL_CONVERSION = YES;
				CLANG_WARN_OBJC_ROOT_CLASS = YES_ERROR;
				CLANG_WARN_RANGE_LOOP_ANALYSIS = YES;
				CLANG_WARN_STRICT_PROTOTYPES = YES;
				CLANG_WARN_SUSPICIOUS_MOVE = YES;
				CLANG_WARN_UNGUARDED_AVAILABILITY = YES_AGGRESSIVE;
				CLANG_WARN_UNREACHABLE_CODE = YES;
				CLANG_WARN__DUPLICATE_METHOD_MATCH = YES;
				COPY_PHASE_STRIP = NO;
				DEBUG_INFORMATION_FORMAT = dwarf;
				ENABLE_STRICT_OBJC_MSGSEND = YES;
				ENABLE_TESTABILITY = YES;
				GCC_C_LANGUAGE_STANDARD = gnu11;
				GCC_DYNAMIC_NO_PIC = NO;
				GCC_NO_COMMON_BLOCKS = YES;
				GCC_OPTIMIZATION_LEVEL = 0;
				GCC_PREPROCESSOR_DEFINITIONS = (
					"DEBUG=1",
					"$(inherited)",
				);
				GCC_WARN_64_TO_32_BIT_CONVERSION = YES;
				GCC_WARN_ABOUT_RETURN_TYPE = YES_ERROR;
				GCC_WARN_UNDECLARED_SELECTOR = YES;
				GCC_WARN_UNINITIALIZED_AUTOS = YES_AGGRESSIVE;
				GCC_WARN_UNUSED_FUNCTION = YES;
				GCC_WARN_UNUSED_VARIABLE = YES;
				MACOSX_DEPLOYMENT_TARGET = 10.15;
				MTL_ENABLE_DEBUG_INFO = INCLUDE_SOURCE;
				MTL_FAST_MATH = YES;
				ONLY_ACTIVE_ARCH = YES;
				SDKROOT = macosx;
				SWIFT_ACTIVE_COMPILATION_CONDITIONS = DEBUG;
				SWIFT_OPTIMIZATION_LEVEL = "-Onone";
			};
			name = Debug;
		};
		266096002374CA4100740F52 /* Release */ = {
			isa = XCBuildConfiguration;
			buildSettings = {
				ALWAYS_SEARCH_USER_PATHS = NO;
				CLANG_ANALYZER_NONNULL = YES;
				CLANG_ANALYZER_NUMBER_OBJECT_CONVERSION = YES_AGGRESSIVE;
				CLANG_CXX_LANGUAGE_STANDARD = "gnu++14";
				CLANG_CXX_LIBRARY = "libc++";
				CLANG_ENABLE_MODULES = YES;
				CLANG_ENABLE_OBJC_ARC = YES;
				CLANG_ENABLE_OBJC_WEAK = YES;
				CLANG_WARN_BLOCK_CAPTURE_AUTORELEASING = YES;
				CLANG_WARN_BOOL_CONVERSION = YES;
				CLANG_WARN_COMMA = YES;
				CLANG_WARN_CONSTANT_CONVERSION = YES;
				CLANG_WARN_DEPRECATED_OBJC_IMPLEMENTATIONS = YES;
				CLANG_WARN_DIRECT_OBJC_ISA_USAGE = YES_ERROR;
				CLANG_WARN_DOCUMENTATION_COMMENTS = YES;
				CLANG_WARN_EMPTY_BODY = YES;
				CLANG_WARN_ENUM_CONVERSION = YES;
				CLANG_WARN_INFINITE_RECURSION = YES;
				CLANG_WARN_INT_CONVERSION = YES;
				CLANG_WARN_NON_LITERAL_NULL_CONVERSION = YES;
				CLANG_WARN_OBJC_IMPLICIT_RETAIN_SELF = YES;
				CLANG_WARN_OBJC_LITERAL_CONVERSION = YES;
				CLANG_WARN_OBJC_ROOT_CLASS = YES_ERROR;
				CLANG_WARN_RANGE_LOOP_ANALYSIS = YES;
				CLANG_WARN_STRICT_PROTOTYPES = YES;
				CLANG_WARN_SUSPICIOUS_MOVE = YES;
				CLANG_WARN_UNGUARDED_AVAILABILITY = YES_AGGRESSIVE;
				CLANG_WARN_UNREACHABLE_CODE = YES;
				CLANG_WARN__DUPLICATE_METHOD_MATCH = YES;
				COPY_PHASE_STRIP = NO;
				DEBUG_INFORMATION_FORMAT = "dwarf-with-dsym";
				ENABLE_NS_ASSERTIONS = NO;
				ENABLE_STRICT_OBJC_MSGSEND = YES;
				GCC_C_LANGUAGE_STANDARD = gnu11;
				GCC_NO_COMMON_BLOCKS = YES;
				GCC_WARN_64_TO_32_BIT_CONVERSION = YES;
				GCC_WARN_ABOUT_RETURN_TYPE = YES_ERROR;
				GCC_WARN_UNDECLARED_SELECTOR = YES;
				GCC_WARN_UNINITIALIZED_AUTOS = YES_AGGRESSIVE;
				GCC_WARN_UNUSED_FUNCTION = YES;
				GCC_WARN_UNUSED_VARIABLE = YES;
				MACOSX_DEPLOYMENT_TARGET = 10.15;
				MTL_ENABLE_DEBUG_INFO = NO;
				MTL_FAST_MATH = YES;
				SDKROOT = macosx;
				SWIFT_COMPILATION_MODE = wholemodule;
				SWIFT_OPTIMIZATION_LEVEL = "-O";
			};
			name = Release;
		};
		266096022374CA4100740F52 /* Debug */ = {
			isa = XCBuildConfiguration;
			baseConfigurationReference = 47C0BCAA45CAB60A9CC46CAF /* Pods-CobblestoneMac.debug.xcconfig */;
			buildSettings = {
				ASSETCATALOG_COMPILER_APPICON_NAME = AppIcon;
				CODE_SIGN_ENTITLEMENTS = CobblestoneMac/CobblestoneMac.entitlements;
				CODE_SIGN_STYLE = Automatic;
				COMBINE_HIDPI_IMAGES = YES;
				DEVELOPMENT_ASSET_PATHS = "\"CobblestoneMac/Preview Content\"";
				ENABLE_PREVIEWS = YES;
				INFOPLIST_FILE = CobblestoneMac/Info.plist;
				LD_RUNPATH_SEARCH_PATHS = (
					"$(inherited)",
					"@executable_path/../Frameworks",
				);
				MACOSX_DEPLOYMENT_TARGET = 10.15;
				PRODUCT_BUNDLE_IDENTIFIER = oboecat.CobblestoneMac;
				PRODUCT_NAME = "$(TARGET_NAME)";
				SWIFT_VERSION = 5.0;
			};
			name = Debug;
		};
		266096032374CA4100740F52 /* Release */ = {
			isa = XCBuildConfiguration;
			baseConfigurationReference = 0D8E08CDEAE7189340994504 /* Pods-CobblestoneMac.release.xcconfig */;
			buildSettings = {
				ASSETCATALOG_COMPILER_APPICON_NAME = AppIcon;
				CODE_SIGN_ENTITLEMENTS = CobblestoneMac/CobblestoneMac.entitlements;
				CODE_SIGN_STYLE = Automatic;
				COMBINE_HIDPI_IMAGES = YES;
				DEVELOPMENT_ASSET_PATHS = "\"CobblestoneMac/Preview Content\"";
				ENABLE_PREVIEWS = YES;
				INFOPLIST_FILE = CobblestoneMac/Info.plist;
				LD_RUNPATH_SEARCH_PATHS = (
					"$(inherited)",
					"@executable_path/../Frameworks",
				);
				MACOSX_DEPLOYMENT_TARGET = 10.15;
				PRODUCT_BUNDLE_IDENTIFIER = oboecat.CobblestoneMac;
				PRODUCT_NAME = "$(TARGET_NAME)";
				SWIFT_VERSION = 5.0;
			};
			name = Release;
		};
/* End XCBuildConfiguration section */

/* Begin XCConfigurationList section */
		266095E92374CA3B00740F52 /* Build configuration list for PBXProject "CobblestoneMac" */ = {
			isa = XCConfigurationList;
			buildConfigurations = (
				266095FF2374CA4100740F52 /* Debug */,
				266096002374CA4100740F52 /* Release */,
			);
			defaultConfigurationIsVisible = 0;
			defaultConfigurationName = Release;
		};
		266096012374CA4100740F52 /* Build configuration list for PBXNativeTarget "CobblestoneMac" */ = {
			isa = XCConfigurationList;
			buildConfigurations = (
				266096022374CA4100740F52 /* Debug */,
				266096032374CA4100740F52 /* Release */,
			);
			defaultConfigurationIsVisible = 0;
			defaultConfigurationName = Release;
		};
/* End XCConfigurationList section */
	};
	rootObject = 266095E62374CA3B00740F52 /* Project object */;
}
